<?xml version="1.0" encoding="UTF-8" standalone="yes" ?>
<CodeBlocks_project_file>
	<FileVersion major="1" minor="6" />
	<Project>
		<Option title="sto_convection_diff" />
		<Option pch_mode="2" />
		<Option compiler="intel_ifx" />
		<Build>
			<Target title="Debug">
				<Option output="bin/Debug/sto_convection_diff" prefix_auto="1" extension_auto="1" />
				<Option object_output="obj/Debug/" />
				<Option type="1" />
				<Option compiler="intel_ifx" />
				<Compiler>
					<Add option="-g" />
				</Compiler>
			</Target>
			<Target title="Release">
				<Option output="bin/Release/sto_convection_diff" prefix_auto="1" extension_auto="1" />
				<Option object_output="obj/Release/" />
				<Option type="1" />
				<Option compiler="intel_ifx" />
				<Compiler>
					<Add option="-O2" />
				</Compiler>
				<Linker>
					<Add option="-s" />
				</Linker>
			</Target>
		</Build>
		<Compiler>
			<Add option="-Wall" />
		</Compiler>
		<Unit filename="../main.f90" />
		<Unit filename="../mkl_vsl.f90" />
		<Unit filename="../mod_par_generators.f90" />
		<Unit filename="../mod_random_number_generator.f90" />
		<Unit filename="../mod_sde_coefficients.f90" />
		<Unit filename="../mod_sde_solver.f90" />
		<Extensions />
	</Project>
</CodeBlocks_project_file>
